<?xml version="1.0" encoding="utf-8"?>
<Project ToolsVersion="4.0" xmlns="http://schemas.microsoft.com/developer/msbuild/2003">
  <ItemGroup>
    <Filter Include="Source files">
      <UniqueIdentifier>{92c45014-4def-4f18-ba98-fe7ba2471959}</UniqueIdentifier>
      <Extensions>cpp;c;cc;cxx;def;odl;idl;hpj;bat;asm;asmx</Extensions>
    </Filter>
    <Filter Include="Header files">
      <UniqueIdentifier>{8bd5857c-a606-48ee-ba35-68e296f8df4d}</UniqueIdentifier>
      <Extensions>h;hpp;hxx;hm;inl;inc;xsd</Extensions>
    </Filter>
    <Filter Include="Resource files">
      <UniqueIdentifier>{1e6bbfe0-52fb-41ec-a80c-60ca0e480967}</UniqueIdentifier>
      <Extensions>rc;ico;cur;bmp;dlg;rc2;rct;bin;rgs;gif;jpg;jpeg;jpe;resx;tiff;tif;png;wav</Extensions>
    </Filter>
    <Filter Include="Make files">
      <UniqueIdentifier>{82315c2e-c80e-4137-b364-e07c83668f5f}</UniqueIdentifier>
      <Extensions>*.mak</Extensions>
    </Filter>
    <Filter Include="VisualGDB settings">
      <UniqueIdentifier>{66cc3d62-e710-44f8-901a-27649478d031}</UniqueIdentifier>
      <Extensions>*.vgdbsettings</Extensions>
    </Filter>
    <Filter Include="Source files\Device-specific files">
      <UniqueIdentifier>{d36d3c8e-b154-41f0-8513-a6580567412c}</UniqueIdentifier>
    </Filter>
    <Filter Include="Header files\Device-specific files">
      <UniqueIdentifier>{c218ca63-b814-492e-aef8-7654819215ee}</UniqueIdentifier>
    </Filter>
    <Filter Include="Source files\Device-specific files\StdPeriph">
      <UniqueIdentifier>{057d3e34-5e66-4773-936d-9d02358bc921}</UniqueIdentifier>
    </Filter>
    <Filter Include="Header files\Device-specific files\StdPeriph">
      <UniqueIdentifier>{541be033-0a8b-4e1d-9e58-00b43bdf02ce}</UniqueIdentifier>
    </Filter>
    <Filter Include="Header files\HARDWARE">
      <UniqueIdentifier>{de9a7fc5-43b0-45f9-98c5-28dd65a2db68}</UniqueIdentifier>
    </Filter>
    <Filter Include="Source files\HARDWARE">
      <UniqueIdentifier>{df967eb4-fafa-46d4-82a6-060853292a43}</UniqueIdentifier>
    </Filter>
    <Filter Include="Header files\API">
      <UniqueIdentifier>{41003c5d-a13b-4cd1-9263-34ea68e07591}</UniqueIdentifier>
    </Filter>
    <Filter Include="Source files\API">
      <UniqueIdentifier>{e9584b9c-f632-4efb-90db-3447d2c3dc7c}</UniqueIdentifier>
    </Filter>
  </ItemGroup>
  <ItemGroup>
    <ClCompile Include="..\..\..\..\Users\liuqx\AppData\Local\VisualGDB\EmbeddedBSPs\arm-eabi\com.sysprogs.arm.stm32\STM32F4xxxx\StartupFiles\startup_stm32f407xx.c">
      <Filter>Source files\Device-specific files</Filter>
    </ClCompile>
    <ClCompile Include="..\..\..\..\Users\liuqx\AppData\Local\VisualGDB\EmbeddedBSPs\arm-eabi\com.sysprogs.arm.stm32\STM32F4xxxx\STM32F4xx_StdPeriph_Driver\src\misc.c">
      <Filter>Source files\Device-specific files\StdPeriph</Filter>
    </ClCompile>
    <ClCompile Include="..\..\..\..\Users\liuqx\AppData\Local\VisualGDB\EmbeddedBSPs\arm-eabi\com.sysprogs.arm.stm32\STM32F4xxxx\STM32F4xx_StdPeriph_Driver\src\stm32f4xx_adc.c">
      <Filter>Source files\Device-specific files\StdPeriph</Filter>
    </ClCompile>
    <ClCompile Include="..\..\..\..\Users\liuqx\AppData\Local\VisualGDB\EmbeddedBSPs\arm-eabi\com.sysprogs.arm.stm32\STM32F4xxxx\STM32F4xx_StdPeriph_Driver\src\stm32f4xx_can.c">
      <Filter>Source files\Device-specific files\StdPeriph</Filter>
    </ClCompile>
    <ClCompile Include="..\..\..\..\Users\liuqx\AppData\Local\VisualGDB\EmbeddedBSPs\arm-eabi\com.sysprogs.arm.stm32\STM32F4xxxx\STM32F4xx_StdPeriph_Driver\src\stm32f4xx_cec.c">
      <Filter>Source files\Device-specific files\StdPeriph</Filter>
    </ClCompile>
    <ClCompile Include="..\..\..\..\Users\liuqx\AppData\Local\VisualGDB\EmbeddedBSPs\arm-eabi\com.sysprogs.arm.stm32\STM32F4xxxx\STM32F4xx_StdPeriph_Driver\src\stm32f4xx_crc.c">
      <Filter>Source files\Device-specific files\StdPeriph</Filter>
    </ClCompile>
    <ClCompile Include="..\..\..\..\Users\liuqx\AppData\Local\VisualGDB\EmbeddedBSPs\arm-eabi\com.sysprogs.arm.stm32\STM32F4xxxx\STM32F4xx_StdPeriph_Driver\src\stm32f4xx_cryp.c">
      <Filter>Source files\Device-specific files\StdPeriph</Filter>
    </ClCompile>
    <ClCompile Include="..\..\..\..\Users\liuqx\AppData\Local\VisualGDB\EmbeddedBSPs\arm-eabi\com.sysprogs.arm.stm32\STM32F4xxxx\STM32F4xx_StdPeriph_Driver\src\stm32f4xx_cryp_aes.c">
      <Filter>Source files\Device-specific files\StdPeriph</Filter>
    </ClCompile>
    <ClCompile Include="..\..\..\..\Users\liuqx\AppData\Local\VisualGDB\EmbeddedBSPs\arm-eabi\com.sysprogs.arm.stm32\STM32F4xxxx\STM32F4xx_StdPeriph_Driver\src\stm32f4xx_cryp_des.c">
      <Filter>Source files\Device-specific files\StdPeriph</Filter>
    </ClCompile>
    <ClCompile Include="..\..\..\..\Users\liuqx\AppData\Local\VisualGDB\EmbeddedBSPs\arm-eabi\com.sysprogs.arm.stm32\STM32F4xxxx\STM32F4xx_StdPeriph_Driver\src\stm32f4xx_cryp_tdes.c">
      <Filter>Source files\Device-specific files\StdPeriph</Filter>
    </ClCompile>
    <ClCompile Include="..\..\..\..\Users\liuqx\AppData\Local\VisualGDB\EmbeddedBSPs\arm-eabi\com.sysprogs.arm.stm32\STM32F4xxxx\STM32F4xx_StdPeriph_Driver\src\stm32f4xx_dac.c">
      <Filter>Source files\Device-specific files\StdPeriph</Filter>
    </ClCompile>
    <ClCompile Include="..\..\..\..\Users\liuqx\AppData\Local\VisualGDB\EmbeddedBSPs\arm-eabi\com.sysprogs.arm.stm32\STM32F4xxxx\STM32F4xx_StdPeriph_Driver\src\stm32f4xx_dbgmcu.c">
      <Filter>Source files\Device-specific files\StdPeriph</Filter>
    </ClCompile>
    <ClCompile Include="..\..\..\..\Users\liuqx\AppData\Local\VisualGDB\EmbeddedBSPs\arm-eabi\com.sysprogs.arm.stm32\STM32F4xxxx\STM32F4xx_StdPeriph_Driver\src\stm32f4xx_dcmi.c">
      <Filter>Source files\Device-specific files\StdPeriph</Filter>
    </ClCompile>
    <ClCompile Include="..\..\..\..\Users\liuqx\AppData\Local\VisualGDB\EmbeddedBSPs\arm-eabi\com.sysprogs.arm.stm32\STM32F4xxxx\STM32F4xx_StdPeriph_Driver\src\stm32f4xx_dfsdm.c">
      <Filter>Source files\Device-specific files\StdPeriph</Filter>
    </ClCompile>
    <ClCompile Include="..\..\..\..\Users\liuqx\AppData\Local\VisualGDB\EmbeddedBSPs\arm-eabi\com.sysprogs.arm.stm32\STM32F4xxxx\STM32F4xx_StdPeriph_Driver\src\stm32f4xx_dma.c">
      <Filter>Source files\Device-specific files\StdPeriph</Filter>
    </ClCompile>
    <ClCompile Include="..\..\..\..\Users\liuqx\AppData\Local\VisualGDB\EmbeddedBSPs\arm-eabi\com.sysprogs.arm.stm32\STM32F4xxxx\STM32F4xx_StdPeriph_Driver\src\stm32f4xx_dma2d.c">
      <Filter>Source files\Device-specific files\StdPeriph</Filter>
    </ClCompile>
    <ClCompile Include="..\..\..\..\Users\liuqx\AppData\Local\VisualGDB\EmbeddedBSPs\arm-eabi\com.sysprogs.arm.stm32\STM32F4xxxx\STM32F4xx_StdPeriph_Driver\src\stm32f4xx_dsi.c">
      <Filter>Source files\Device-specific files\StdPeriph</Filter>
    </ClCompile>
    <ClCompile Include="..\..\..\..\Users\liuqx\AppData\Local\VisualGDB\EmbeddedBSPs\arm-eabi\com.sysprogs.arm.stm32\STM32F4xxxx\STM32F4xx_StdPeriph_Driver\src\stm32f4xx_exti.c">
      <Filter>Source files\Device-specific files\StdPeriph</Filter>
    </ClCompile>
    <ClCompile Include="..\..\..\..\Users\liuqx\AppData\Local\VisualGDB\EmbeddedBSPs\arm-eabi\com.sysprogs.arm.stm32\STM32F4xxxx\STM32F4xx_StdPeriph_Driver\src\stm32f4xx_flash.c">
      <Filter>Source files\Device-specific files\StdPeriph</Filter>
    </ClCompile>
    <ClCompile Include="..\..\..\..\Users\liuqx\AppData\Local\VisualGDB\EmbeddedBSPs\arm-eabi\com.sysprogs.arm.stm32\STM32F4xxxx\STM32F4xx_StdPeriph_Driver\src\stm32f4xx_flash_ramfunc.c">
      <Filter>Source files\Device-specific files\StdPeriph</Filter>
    </ClCompile>
    <ClCompile Include="..\..\..\..\Users\liuqx\AppData\Local\VisualGDB\EmbeddedBSPs\arm-eabi\com.sysprogs.arm.stm32\STM32F4xxxx\STM32F4xx_StdPeriph_Driver\src\stm32f4xx_fmpi2c.c">
      <Filter>Source files\Device-specific files\StdPeriph</Filter>
    </ClCompile>
    <ClCompile Include="..\..\..\..\Users\liuqx\AppData\Local\VisualGDB\EmbeddedBSPs\arm-eabi\com.sysprogs.arm.stm32\STM32F4xxxx\STM32F4xx_StdPeriph_Driver\src\stm32f4xx_fsmc.c">
      <Filter>Source files\Device-specific files\StdPeriph</Filter>
    </ClCompile>
    <ClCompile Include="..\..\..\..\Users\liuqx\AppData\Local\VisualGDB\EmbeddedBSPs\arm-eabi\com.sysprogs.arm.stm32\STM32F4xxxx\STM32F4xx_StdPeriph_Driver\src\stm32f4xx_gpio.c">
      <Filter>Source files\Device-specific files\StdPeriph</Filter>
    </ClCompile>
    <ClCompile Include="..\..\..\..\Users\liuqx\AppData\Local\VisualGDB\EmbeddedBSPs\arm-eabi\com.sysprogs.arm.stm32\STM32F4xxxx\STM32F4xx_StdPeriph_Driver\src\stm32f4xx_hash.c">
      <Filter>Source files\Device-specific files\StdPeriph</Filter>
    </ClCompile>
    <ClCompile Include="..\..\..\..\Users\liuqx\AppData\Local\VisualGDB\EmbeddedBSPs\arm-eabi\com.sysprogs.arm.stm32\STM32F4xxxx\STM32F4xx_StdPeriph_Driver\src\stm32f4xx_hash_md5.c">
      <Filter>Source files\Device-specific files\StdPeriph</Filter>
    </ClCompile>
    <ClCompile Include="..\..\..\..\Users\liuqx\AppData\Local\VisualGDB\EmbeddedBSPs\arm-eabi\com.sysprogs.arm.stm32\STM32F4xxxx\STM32F4xx_StdPeriph_Driver\src\stm32f4xx_hash_sha1.c">
      <Filter>Source files\Device-specific files\StdPeriph</Filter>
    </ClCompile>
    <ClCompile Include="..\..\..\..\Users\liuqx\AppData\Local\VisualGDB\EmbeddedBSPs\arm-eabi\com.sysprogs.arm.stm32\STM32F4xxxx\STM32F4xx_StdPeriph_Driver\src\stm32f4xx_i2c.c">
      <Filter>Source files\Device-specific files\StdPeriph</Filter>
    </ClCompile>
    <ClCompile Include="..\..\..\..\Users\liuqx\AppData\Local\VisualGDB\EmbeddedBSPs\arm-eabi\com.sysprogs.arm.stm32\STM32F4xxxx\STM32F4xx_StdPeriph_Driver\src\stm32f4xx_iwdg.c">
      <Filter>Source files\Device-specific files\StdPeriph</Filter>
    </ClCompile>
    <ClCompile Include="..\..\..\..\Users\liuqx\AppData\Local\VisualGDB\EmbeddedBSPs\arm-eabi\com.sysprogs.arm.stm32\STM32F4xxxx\STM32F4xx_StdPeriph_Driver\src\stm32f4xx_lptim.c">
      <Filter>Source files\Device-specific files\StdPeriph</Filter>
    </ClCompile>
    <ClCompile Include="..\..\..\..\Users\liuqx\AppData\Local\VisualGDB\EmbeddedBSPs\arm-eabi\com.sysprogs.arm.stm32\STM32F4xxxx\STM32F4xx_StdPeriph_Driver\src\stm32f4xx_ltdc.c">
      <Filter>Source files\Device-specific files\StdPeriph</Filter>
    </ClCompile>
    <ClCompile Include="..\..\..\..\Users\liuqx\AppData\Local\VisualGDB\EmbeddedBSPs\arm-eabi\com.sysprogs.arm.stm32\STM32F4xxxx\STM32F4xx_StdPeriph_Driver\src\stm32f4xx_pwr.c">
      <Filter>Source files\Device-specific files\StdPeriph</Filter>
    </ClCompile>
    <ClCompile Include="..\..\..\..\Users\liuqx\AppData\Local\VisualGDB\EmbeddedBSPs\arm-eabi\com.sysprogs.arm.stm32\STM32F4xxxx\STM32F4xx_StdPeriph_Driver\src\stm32f4xx_qspi.c">
      <Filter>Source files\Device-specific files\StdPeriph</Filter>
    </ClCompile>
    <ClCompile Include="..\..\..\..\Users\liuqx\AppData\Local\VisualGDB\EmbeddedBSPs\arm-eabi\com.sysprogs.arm.stm32\STM32F4xxxx\STM32F4xx_StdPeriph_Driver\src\stm32f4xx_rcc.c">
      <Filter>Source files\Device-specific files\StdPeriph</Filter>
    </ClCompile>
    <ClCompile Include="..\..\..\..\Users\liuqx\AppData\Local\VisualGDB\EmbeddedBSPs\arm-eabi\com.sysprogs.arm.stm32\STM32F4xxxx\STM32F4xx_StdPeriph_Driver\src\stm32f4xx_rng.c">
      <Filter>Source files\Device-specific files\StdPeriph</Filter>
    </ClCompile>
    <ClCompile Include="..\..\..\..\Users\liuqx\AppData\Local\VisualGDB\EmbeddedBSPs\arm-eabi\com.sysprogs.arm.stm32\STM32F4xxxx\STM32F4xx_StdPeriph_Driver\src\stm32f4xx_rtc.c">
      <Filter>Source files\Device-specific files\StdPeriph</Filter>
    </ClCompile>
    <ClCompile Include="..\..\..\..\Users\liuqx\AppData\Local\VisualGDB\EmbeddedBSPs\arm-eabi\com.sysprogs.arm.stm32\STM32F4xxxx\STM32F4xx_StdPeriph_Driver\src\stm32f4xx_sai.c">
      <Filter>Source files\Device-specific files\StdPeriph</Filter>
    </ClCompile>
    <ClCompile Include="..\..\..\..\Users\liuqx\AppData\Local\VisualGDB\EmbeddedBSPs\arm-eabi\com.sysprogs.arm.stm32\STM32F4xxxx\STM32F4xx_StdPeriph_Driver\src\stm32f4xx_sdio.c">
      <Filter>Source files\Device-specific files\StdPeriph</Filter>
    </ClCompile>
    <ClCompile Include="..\..\..\..\Users\liuqx\AppData\Local\VisualGDB\EmbeddedBSPs\arm-eabi\com.sysprogs.arm.stm32\STM32F4xxxx\STM32F4xx_StdPeriph_Driver\src\stm32f4xx_spdifrx.c">
      <Filter>Source files\Device-specific files\StdPeriph</Filter>
    </ClCompile>
    <ClCompile Include="..\..\..\..\Users\liuqx\AppData\Local\VisualGDB\EmbeddedBSPs\arm-eabi\com.sysprogs.arm.stm32\STM32F4xxxx\STM32F4xx_StdPeriph_Driver\src\stm32f4xx_spi.c">
      <Filter>Source files\Device-specific files\StdPeriph</Filter>
    </ClCompile>
    <ClCompile Include="..\..\..\..\Users\liuqx\AppData\Local\VisualGDB\EmbeddedBSPs\arm-eabi\com.sysprogs.arm.stm32\STM32F4xxxx\STM32F4xx_StdPeriph_Driver\src\stm32f4xx_syscfg.c">
      <Filter>Source files\Device-specific files\StdPeriph</Filter>
    </ClCompile>
    <ClCompile Include="..\..\..\..\Users\liuqx\AppData\Local\VisualGDB\EmbeddedBSPs\arm-eabi\com.sysprogs.arm.stm32\STM32F4xxxx\STM32F4xx_StdPeriph_Driver\src\stm32f4xx_tim.c">
      <Filter>Source files\Device-specific files\StdPeriph</Filter>
    </ClCompile>
    <ClCompile Include="..\..\..\..\Users\liuqx\AppData\Local\VisualGDB\EmbeddedBSPs\arm-eabi\com.sysprogs.arm.stm32\STM32F4xxxx\STM32F4xx_StdPeriph_Driver\src\stm32f4xx_usart.c">
      <Filter>Source files\Device-specific files\StdPeriph</Filter>
    </ClCompile>
    <ClCompile Include="..\..\..\..\Users\liuqx\AppData\Local\VisualGDB\EmbeddedBSPs\arm-eabi\com.sysprogs.arm.stm32\STM32F4xxxx\STM32F4xx_StdPeriph_Driver\src\stm32f4xx_wwdg.c">
      <Filter>Source files\Device-specific files\StdPeriph</Filter>
    </ClCompile>
    <ClCompile Include="Ke_SysTick.cpp">
      <Filter>Source files\HARDWARE</Filter>
    </ClCompile>
    <ClCompile Include="system_stm32f4xx.c">
      <Filter>Source files\HARDWARE</Filter>
    </ClCompile>
    <ClCompile Include="Ke_ADC.cpp">
      <Filter>Source files\HARDWARE</Filter>
    </ClCompile>
    <ClCompile Include="Ke_bluetooth.cpp">
      <Filter>Source files\HARDWARE</Filter>
    </ClCompile>
    <ClCompile Include="Ke_CRC32.cpp">
      <Filter>Source files\HARDWARE</Filter>
    </ClCompile>
    <ClCompile Include="Ke_Delay.cpp">
      <Filter>Source files\HARDWARE</Filter>
    </ClCompile>
    <ClCompile Include="Ke_led0.cpp">
      <Filter>Source files\HARDWARE</Filter>
    </ClCompile>
    <ClCompile Include="Ke_TIM2.cpp">
      <Filter>Source files\HARDWARE</Filter>
    </ClCompile>
    <ClCompile Include="Ke_TIM5.cpp">
      <Filter>Source files\HARDWARE</Filter>
    </ClCompile>
    <ClCompile Include="Ke_tim7.cpp">
      <Filter>Source files\HARDWARE</Filter>
    </ClCompile>
    <ClCompile Include="Ke_uart5.cpp">
      <Filter>Source files\HARDWARE</Filter>
    </ClCompile>
    <ClCompile Include="Ke_usart3.cpp">
      <Filter>Source files\HARDWARE</Filter>
    </ClCompile>
    <ClCompile Include="Cmd.cpp">
      <Filter>Source files\API</Filter>
    </ClCompile>
    <ClCompile Include="Message.cpp">
      <Filter>Source files\API</Filter>
    </ClCompile>
    <ClCompile Include="StringAlg.cpp">
      <Filter>Source files\API</Filter>
    </ClCompile>
    <ClCompile Include="timer.cpp">
      <Filter>Source files\API</Filter>
    </ClCompile>
    <ClCompile Include="Variables.cpp">
      <Filter>Source files\API</Filter>
    </ClCompile>
    <ClCompile Include="LED.cpp">
      <Filter>Source files\API</Filter>
    </ClCompile>
    <ClCompile Include="Ke_IIC.cpp">
      <Filter>Source files\HARDWARE</Filter>
    </ClCompile>
    <ClCompile Include="Ke_MPU6050.cpp">
      <Filter>Source files\HARDWARE</Filter>
    </ClCompile>
    <ClCompile Include="AngleCalc.cpp">
      <Filter>Source files\API</Filter>
    </ClCompile>
    <ClCompile Include="Main.cpp">
      <Filter>Source files</Filter>
    </ClCompile>
    <ClCompile Include="Encoder.cpp">
      <Filter>Source files\API</Filter>
    </ClCompile>
    <ClCompile Include="Motor.cpp">
      <Filter>Source files\API</Filter>
    </ClCompile>
    <ClCompile Include="Ke_TIM3.cpp">
      <Filter>Source files\HARDWARE</Filter>
    </ClCompile>
    <ClCompile Include="Ke_MotorControl.cpp">
      <Filter>Source files\HARDWARE</Filter>
    </ClCompile>
    <ClCompile Include="MovementControl.cpp">
      <Filter>Source files</Filter>
    </ClCompile>
  </ItemGroup>
  <ItemGroup>
    <None Include="Makefile" />
    <None Include="debug.mak">
      <Filter>Make files</Filter>
    </None>
    <None Include="penghengxiaoche_stm32-Debug.vgdbsettings">
      <Filter>VisualGDB settings</Filter>
    </None>
    <None Include="release.mak">
      <Filter>Make files</Filter>
    </None>
    <None Include="penghengxiaoche_stm32-Release.vgdbsettings">
      <Filter>VisualGDB settings</Filter>
    </None>
    <None Include="stm32.mak">
      <Filter>Source files\Device-specific files</Filter>
    </None>
  </ItemGroup>
  <ItemGroup>
    <ClInclude Include="..\..\..\..\Users\liuqx\AppData\Local\VisualGDB\EmbeddedBSPs\arm-eabi\com.sysprogs.arm.stm32\STM32F4xxxx\STM32F4xx_StdPeriph_Driver\inc\misc.h">
      <Filter>Header files\Device-specific files\StdPeriph</Filter>
    </ClInclude>
    <ClInclude Include="..\..\..\..\Users\liuqx\AppData\Local\VisualGDB\EmbeddedBSPs\arm-eabi\com.sysprogs.arm.stm32\STM32F4xxxx\STM32F4xx_StdPeriph_Driver\inc\stm32f4xx_adc.h">
      <Filter>Header files\Device-specific files\StdPeriph</Filter>
    </ClInclude>
    <ClInclude Include="..\..\..\..\Users\liuqx\AppData\Local\VisualGDB\EmbeddedBSPs\arm-eabi\com.sysprogs.arm.stm32\STM32F4xxxx\STM32F4xx_StdPeriph_Driver\inc\stm32f4xx_can.h">
      <Filter>Header files\Device-specific files\StdPeriph</Filter>
    </ClInclude>
    <ClInclude Include="..\..\..\..\Users\liuqx\AppData\Local\VisualGDB\EmbeddedBSPs\arm-eabi\com.sysprogs.arm.stm32\STM32F4xxxx\STM32F4xx_StdPeriph_Driver\inc\stm32f4xx_cec.h">
      <Filter>Header files\Device-specific files\StdPeriph</Filter>
    </ClInclude>
    <ClInclude Include="..\..\..\..\Users\liuqx\AppData\Local\VisualGDB\EmbeddedBSPs\arm-eabi\com.sysprogs.arm.stm32\STM32F4xxxx\STM32F4xx_StdPeriph_Driver\inc\stm32f4xx_crc.h">
      <Filter>Header files\Device-specific files\StdPeriph</Filter>
    </ClInclude>
    <ClInclude Include="..\..\..\..\Users\liuqx\AppData\Local\VisualGDB\EmbeddedBSPs\arm-eabi\com.sysprogs.arm.stm32\STM32F4xxxx\STM32F4xx_StdPeriph_Driver\inc\stm32f4xx_cryp.h">
      <Filter>Header files\Device-specific files\StdPeriph</Filter>
    </ClInclude>
    <ClInclude Include="..\..\..\..\Users\liuqx\AppData\Local\VisualGDB\EmbeddedBSPs\arm-eabi\com.sysprogs.arm.stm32\STM32F4xxxx\STM32F4xx_StdPeriph_Driver\inc\stm32f4xx_dac.h">
      <Filter>Header files\Device-specific files\StdPeriph</Filter>
    </ClInclude>
    <ClInclude Include="..\..\..\..\Users\liuqx\AppData\Local\VisualGDB\EmbeddedBSPs\arm-eabi\com.sysprogs.arm.stm32\STM32F4xxxx\STM32F4xx_StdPeriph_Driver\inc\stm32f4xx_dbgmcu.h">
      <Filter>Header files\Device-specific files\StdPeriph</Filter>
    </ClInclude>
    <ClInclude Include="..\..\..\..\Users\liuqx\AppData\Local\VisualGDB\EmbeddedBSPs\arm-eabi\com.sysprogs.arm.stm32\STM32F4xxxx\STM32F4xx_StdPeriph_Driver\inc\stm32f4xx_dcmi.h">
      <Filter>Header files\Device-specific files\StdPeriph</Filter>
    </ClInclude>
    <ClInclude Include="..\..\..\..\Users\liuqx\AppData\Local\VisualGDB\EmbeddedBSPs\arm-eabi\com.sysprogs.arm.stm32\STM32F4xxxx\STM32F4xx_StdPeriph_Driver\inc\stm32f4xx_dfsdm.h">
      <Filter>Header files\Device-specific files\StdPeriph</Filter>
    </ClInclude>
    <ClInclude Include="..\..\..\..\Users\liuqx\AppData\Local\VisualGDB\EmbeddedBSPs\arm-eabi\com.sysprogs.arm.stm32\STM32F4xxxx\STM32F4xx_StdPeriph_Driver\inc\stm32f4xx_dma.h">
      <Filter>Header files\Device-specific files\StdPeriph</Filter>
    </ClInclude>
    <ClInclude Include="..\..\..\..\Users\liuqx\AppData\Local\VisualGDB\EmbeddedBSPs\arm-eabi\com.sysprogs.arm.stm32\STM32F4xxxx\STM32F4xx_StdPeriph_Driver\inc\stm32f4xx_dma2d.h">
      <Filter>Header files\Device-specific files\StdPeriph</Filter>
    </ClInclude>
    <ClInclude Include="..\..\..\..\Users\liuqx\AppData\Local\VisualGDB\EmbeddedBSPs\arm-eabi\com.sysprogs.arm.stm32\STM32F4xxxx\STM32F4xx_StdPeriph_Driver\inc\stm32f4xx_dsi.h">
      <Filter>Header files\Device-specific files\StdPeriph</Filter>
    </ClInclude>
    <ClInclude Include="..\..\..\..\Users\liuqx\AppData\Local\VisualGDB\EmbeddedBSPs\arm-eabi\com.sysprogs.arm.stm32\STM32F4xxxx\STM32F4xx_StdPeriph_Driver\inc\stm32f4xx_exti.h">
      <Filter>Header files\Device-specific files\StdPeriph</Filter>
    </ClInclude>
    <ClInclude Include="..\..\..\..\Users\liuqx\AppData\Local\VisualGDB\EmbeddedBSPs\arm-eabi\com.sysprogs.arm.stm32\STM32F4xxxx\STM32F4xx_StdPeriph_Driver\inc\stm32f4xx_flash.h">
      <Filter>Header files\Device-specific files\StdPeriph</Filter>
    </ClInclude>
    <ClInclude Include="..\..\..\..\Users\liuqx\AppData\Local\VisualGDB\EmbeddedBSPs\arm-eabi\com.sysprogs.arm.stm32\STM32F4xxxx\STM32F4xx_StdPeriph_Driver\inc\stm32f4xx_flash_ramfunc.h">
      <Filter>Header files\Device-specific files\StdPeriph</Filter>
    </ClInclude>
    <ClInclude Include="..\..\..\..\Users\liuqx\AppData\Local\VisualGDB\EmbeddedBSPs\arm-eabi\com.sysprogs.arm.stm32\STM32F4xxxx\STM32F4xx_StdPeriph_Driver\inc\stm32f4xx_fmc.h">
      <Filter>Header files\Device-specific files\StdPeriph</Filter>
    </ClInclude>
    <ClInclude Include="..\..\..\..\Users\liuqx\AppData\Local\VisualGDB\EmbeddedBSPs\arm-eabi\com.sysprogs.arm.stm32\STM32F4xxxx\STM32F4xx_StdPeriph_Driver\inc\stm32f4xx_fmpi2c.h">
      <Filter>Header files\Device-specific files\StdPeriph</Filter>
    </ClInclude>
    <ClInclude Include="..\..\..\..\Users\liuqx\AppData\Local\VisualGDB\EmbeddedBSPs\arm-eabi\com.sysprogs.arm.stm32\STM32F4xxxx\STM32F4xx_StdPeriph_Driver\inc\stm32f4xx_fsmc.h">
      <Filter>Header files\Device-specific files\StdPeriph</Filter>
    </ClInclude>
    <ClInclude Include="..\..\..\..\Users\liuqx\AppData\Local\VisualGDB\EmbeddedBSPs\arm-eabi\com.sysprogs.arm.stm32\STM32F4xxxx\STM32F4xx_StdPeriph_Driver\inc\stm32f4xx_gpio.h">
      <Filter>Header files\Device-specific files\StdPeriph</Filter>
    </ClInclude>
    <ClInclude Include="..\..\..\..\Users\liuqx\AppData\Local\VisualGDB\EmbeddedBSPs\arm-eabi\com.sysprogs.arm.stm32\STM32F4xxxx\STM32F4xx_StdPeriph_Driver\inc\stm32f4xx_hash.h">
      <Filter>Header files\Device-specific files\StdPeriph</Filter>
    </ClInclude>
    <ClInclude Include="..\..\..\..\Users\liuqx\AppData\Local\VisualGDB\EmbeddedBSPs\arm-eabi\com.sysprogs.arm.stm32\STM32F4xxxx\STM32F4xx_StdPeriph_Driver\inc\stm32f4xx_i2c.h">
      <Filter>Header files\Device-specific files\StdPeriph</Filter>
    </ClInclude>
    <ClInclude Include="..\..\..\..\Users\liuqx\AppData\Local\VisualGDB\EmbeddedBSPs\arm-eabi\com.sysprogs.arm.stm32\STM32F4xxxx\STM32F4xx_StdPeriph_Driver\inc\stm32f4xx_iwdg.h">
      <Filter>Header files\Device-specific files\StdPeriph</Filter>
    </ClInclude>
    <ClInclude Include="..\..\..\..\Users\liuqx\AppData\Local\VisualGDB\EmbeddedBSPs\arm-eabi\com.sysprogs.arm.stm32\STM32F4xxxx\STM32F4xx_StdPeriph_Driver\inc\stm32f4xx_lptim.h">
      <Filter>Header files\Device-specific files\StdPeriph</Filter>
    </ClInclude>
    <ClInclude Include="..\..\..\..\Users\liuqx\AppData\Local\VisualGDB\EmbeddedBSPs\arm-eabi\com.sysprogs.arm.stm32\STM32F4xxxx\STM32F4xx_StdPeriph_Driver\inc\stm32f4xx_ltdc.h">
      <Filter>Header files\Device-specific files\StdPeriph</Filter>
    </ClInclude>
    <ClInclude Include="..\..\..\..\Users\liuqx\AppData\Local\VisualGDB\EmbeddedBSPs\arm-eabi\com.sysprogs.arm.stm32\STM32F4xxxx\STM32F4xx_StdPeriph_Driver\inc\stm32f4xx_pwr.h">
      <Filter>Header files\Device-specific files\StdPeriph</Filter>
    </ClInclude>
    <ClInclude Include="..\..\..\..\Users\liuqx\AppData\Local\VisualGDB\EmbeddedBSPs\arm-eabi\com.sysprogs.arm.stm32\STM32F4xxxx\STM32F4xx_StdPeriph_Driver\inc\stm32f4xx_qspi.h">
      <Filter>Header files\Device-specific files\StdPeriph</Filter>
    </ClInclude>
    <ClInclude Include="..\..\..\..\Users\liuqx\AppData\Local\VisualGDB\EmbeddedBSPs\arm-eabi\com.sysprogs.arm.stm32\STM32F4xxxx\STM32F4xx_StdPeriph_Driver\inc\stm32f4xx_rcc.h">
      <Filter>Header files\Device-specific files\StdPeriph</Filter>
    </ClInclude>
    <ClInclude Include="..\..\..\..\Users\liuqx\AppData\Local\VisualGDB\EmbeddedBSPs\arm-eabi\com.sysprogs.arm.stm32\STM32F4xxxx\STM32F4xx_StdPeriph_Driver\inc\stm32f4xx_rng.h">
      <Filter>Header files\Device-specific files\StdPeriph</Filter>
    </ClInclude>
    <ClInclude Include="..\..\..\..\Users\liuqx\AppData\Local\VisualGDB\EmbeddedBSPs\arm-eabi\com.sysprogs.arm.stm32\STM32F4xxxx\STM32F4xx_StdPeriph_Driver\inc\stm32f4xx_rtc.h">
      <Filter>Header files\Device-specific files\StdPeriph</Filter>
    </ClInclude>
    <ClInclude Include="..\..\..\..\Users\liuqx\AppData\Local\VisualGDB\EmbeddedBSPs\arm-eabi\com.sysprogs.arm.stm32\STM32F4xxxx\STM32F4xx_StdPeriph_Driver\inc\stm32f4xx_sai.h">
      <Filter>Header files\Device-specific files\StdPeriph</Filter>
    </ClInclude>
    <ClInclude Include="..\..\..\..\Users\liuqx\AppData\Local\VisualGDB\EmbeddedBSPs\arm-eabi\com.sysprogs.arm.stm32\STM32F4xxxx\STM32F4xx_StdPeriph_Driver\inc\stm32f4xx_sdio.h">
      <Filter>Header files\Device-specific files\StdPeriph</Filter>
    </ClInclude>
    <ClInclude Include="..\..\..\..\Users\liuqx\AppData\Local\VisualGDB\EmbeddedBSPs\arm-eabi\com.sysprogs.arm.stm32\STM32F4xxxx\STM32F4xx_StdPeriph_Driver\inc\stm32f4xx_spdifrx.h">
      <Filter>Header files\Device-specific files\StdPeriph</Filter>
    </ClInclude>
    <ClInclude Include="..\..\..\..\Users\liuqx\AppData\Local\VisualGDB\EmbeddedBSPs\arm-eabi\com.sysprogs.arm.stm32\STM32F4xxxx\STM32F4xx_StdPeriph_Driver\inc\stm32f4xx_spi.h">
      <Filter>Header files\Device-specific files\StdPeriph</Filter>
    </ClInclude>
    <ClInclude Include="..\..\..\..\Users\liuqx\AppData\Local\VisualGDB\EmbeddedBSPs\arm-eabi\com.sysprogs.arm.stm32\STM32F4xxxx\STM32F4xx_StdPeriph_Driver\inc\stm32f4xx_syscfg.h">
      <Filter>Header files\Device-specific files\StdPeriph</Filter>
    </ClInclude>
    <ClInclude Include="..\..\..\..\Users\liuqx\AppData\Local\VisualGDB\EmbeddedBSPs\arm-eabi\com.sysprogs.arm.stm32\STM32F4xxxx\STM32F4xx_StdPeriph_Driver\inc\stm32f4xx_tim.h">
      <Filter>Header files\Device-specific files\StdPeriph</Filter>
    </ClInclude>
    <ClInclude Include="..\..\..\..\Users\liuqx\AppData\Local\VisualGDB\EmbeddedBSPs\arm-eabi\com.sysprogs.arm.stm32\STM32F4xxxx\STM32F4xx_StdPeriph_Driver\inc\stm32f4xx_usart.h">
      <Filter>Header files\Device-specific files\StdPeriph</Filter>
    </ClInclude>
    <ClInclude Include="..\..\..\..\Users\liuqx\AppData\Local\VisualGDB\EmbeddedBSPs\arm-eabi\com.sysprogs.arm.stm32\STM32F4xxxx\STM32F4xx_StdPeriph_Driver\inc\stm32f4xx_wwdg.h">
      <Filter>Header files\Device-specific files\StdPeriph</Filter>
    </ClInclude>
    <ClInclude Include="..\..\..\..\Users\liuqx\AppData\Local\VisualGDB\EmbeddedBSPs\arm-eabi\com.sysprogs.arm.stm32\STM32F4xxxx\CMSIS_StdPeriph\Device\ST\STM32F4xx\Include\stm32f4xx.h">
      <Filter>Header files\Device-specific files\StdPeriph</Filter>
    </ClInclude>
    <ClInclude Include="..\..\..\..\Users\liuqx\AppData\Local\VisualGDB\EmbeddedBSPs\arm-eabi\com.sysprogs.arm.stm32\STM32F4xxxx\CMSIS_StdPeriph\Device\ST\STM32F4xx\Include\system_stm32f4xx.h">
      <Filter>Header files\Device-specific files\StdPeriph</Filter>
    </ClInclude>
    <ClInclude Include="..\..\..\..\Users\liuqx\AppData\Local\VisualGDB\EmbeddedBSPs\arm-eabi\com.sysprogs.arm.stm32\STM32F4xxxx\CMSIS_StdPeriph\Include\arm_common_tables.h">
      <Filter>Header files\Device-specific files\StdPeriph</Filter>
    </ClInclude>
    <ClInclude Include="..\..\..\..\Users\liuqx\AppData\Local\VisualGDB\EmbeddedBSPs\arm-eabi\com.sysprogs.arm.stm32\STM32F4xxxx\CMSIS_StdPeriph\Include\arm_const_structs.h">
      <Filter>Header files\Device-specific files\StdPeriph</Filter>
    </ClInclude>
    <ClInclude Include="..\..\..\..\Users\liuqx\AppData\Local\VisualGDB\EmbeddedBSPs\arm-eabi\com.sysprogs.arm.stm32\STM32F4xxxx\CMSIS_StdPeriph\Include\arm_math.h">
      <Filter>Header files\Device-specific files\StdPeriph</Filter>
    </ClInclude>
    <ClInclude Include="..\..\..\..\Users\liuqx\AppData\Local\VisualGDB\EmbeddedBSPs\arm-eabi\com.sysprogs.arm.stm32\STM32F4xxxx\CMSIS_StdPeriph\Include\core_cm0.h">
      <Filter>Header files\Device-specific files\StdPeriph</Filter>
    </ClInclude>
    <ClInclude Include="..\..\..\..\Users\liuqx\AppData\Local\VisualGDB\EmbeddedBSPs\arm-eabi\com.sysprogs.arm.stm32\STM32F4xxxx\CMSIS_StdPeriph\Include\core_cm0plus.h">
      <Filter>Header files\Device-specific files\StdPeriph</Filter>
    </ClInclude>
    <ClInclude Include="..\..\..\..\Users\liuqx\AppData\Local\VisualGDB\EmbeddedBSPs\arm-eabi\com.sysprogs.arm.stm32\STM32F4xxxx\CMSIS_StdPeriph\Include\core_cm3.h">
      <Filter>Header files\Device-specific files\StdPeriph</Filter>
    </ClInclude>
    <ClInclude Include="..\..\..\..\Users\liuqx\AppData\Local\VisualGDB\EmbeddedBSPs\arm-eabi\com.sysprogs.arm.stm32\STM32F4xxxx\CMSIS_StdPeriph\Include\core_cm4.h">
      <Filter>Header files\Device-specific files\StdPeriph</Filter>
    </ClInclude>
    <ClInclude Include="..\..\..\..\Users\liuqx\AppData\Local\VisualGDB\EmbeddedBSPs\arm-eabi\com.sysprogs.arm.stm32\STM32F4xxxx\CMSIS_StdPeriph\Include\core_cm7.h">
      <Filter>Header files\Device-specific files\StdPeriph</Filter>
    </ClInclude>
    <ClInclude Include="..\..\..\..\Users\liuqx\AppData\Local\VisualGDB\EmbeddedBSPs\arm-eabi\com.sysprogs.arm.stm32\STM32F4xxxx\CMSIS_StdPeriph\Include\core_cmFunc.h">
      <Filter>Header files\Device-specific files\StdPeriph</Filter>
    </ClInclude>
    <ClInclude Include="..\..\..\..\Users\liuqx\AppData\Local\VisualGDB\EmbeddedBSPs\arm-eabi\com.sysprogs.arm.stm32\STM32F4xxxx\CMSIS_StdPeriph\Include\core_cmInstr.h">
      <Filter>Header files\Device-specific files\StdPeriph</Filter>
    </ClInclude>
    <ClInclude Include="..\..\..\..\Users\liuqx\AppData\Local\VisualGDB\EmbeddedBSPs\arm-eabi\com.sysprogs.arm.stm32\STM32F4xxxx\CMSIS_StdPeriph\Include\core_cmSimd.h">
      <Filter>Header files\Device-specific files\StdPeriph</Filter>
    </ClInclude>
    <ClInclude Include="..\..\..\..\Users\liuqx\AppData\Local\VisualGDB\EmbeddedBSPs\arm-eabi\com.sysprogs.arm.stm32\STM32F4xxxx\CMSIS_StdPeriph\Include\core_sc000.h">
      <Filter>Header files\Device-specific files\StdPeriph</Filter>
    </ClInclude>
    <ClInclude Include="..\..\..\..\Users\liuqx\AppData\Local\VisualGDB\EmbeddedBSPs\arm-eabi\com.sysprogs.arm.stm32\STM32F4xxxx\CMSIS_StdPeriph\Include\core_sc300.h">
      <Filter>Header files\Device-specific files\StdPeriph</Filter>
    </ClInclude>
    <ClInclude Include="..\..\..\..\Users\liuqx\AppData\Local\VisualGDB\EmbeddedBSPs\arm-eabi\com.sysprogs.arm.stm32\STM32F4xxxx\CMSIS_StdPeriph\RTOS\Template\cmsis_os.h">
      <Filter>Header files\Device-specific files\StdPeriph</Filter>
    </ClInclude>
    <ClInclude Include="stm32f4xx.h">
      <Filter>Header files\HARDWARE</Filter>
    </ClInclude>
    <ClInclude Include="Ke_SysTick.h">
      <Filter>Header files\HARDWARE</Filter>
    </ClInclude>
    <ClInclude Include="Ke_ADC.h">
      <Filter>Header files\HARDWARE</Filter>
    </ClInclude>
    <ClInclude Include="Ke_AddrDef.h">
      <Filter>Header files\HARDWARE</Filter>
    </ClInclude>
    <ClInclude Include="Ke_bluetooth.h">
      <Filter>Header files\HARDWARE</Filter>
    </ClInclude>
    <ClInclude Include="Ke_CRC32.h">
      <Filter>Header files\HARDWARE</Filter>
    </ClInclude>
    <ClInclude Include="Ke_Delay.h">
      <Filter>Header files\HARDWARE</Filter>
    </ClInclude>
    <ClInclude Include="Ke_IIC.h">
      <Filter>Header files\HARDWARE</Filter>
    </ClInclude>
    <ClInclude Include="Ke_led0.h">
      <Filter>Header files\HARDWARE</Filter>
    </ClInclude>
    <ClInclude Include="Ke_MPU6050.h">
      <Filter>Header files\HARDWARE</Filter>
    </ClInclude>
    <ClInclude Include="Ke_sram.h">
      <Filter>Header files\HARDWARE</Filter>
    </ClInclude>
    <ClInclude Include="Ke_TIM2.h">
      <Filter>Header files\HARDWARE</Filter>
    </ClInclude>
    <ClInclude Include="Ke_TIM5.h">
      <Filter>Header files\HARDWARE</Filter>
    </ClInclude>
    <ClInclude Include="Ke_tim7.h">
      <Filter>Header files\HARDWARE</Filter>
    </ClInclude>
    <ClInclude Include="Ke_uart5.h">
      <Filter>Header files\HARDWARE</Filter>
    </ClInclude>
    <ClInclude Include="Ke_usart3.h">
      <Filter>Header files\HARDWARE</Filter>
    </ClInclude>
    <ClInclude Include="Variables.h">
      <Filter>Header files\API</Filter>
    </ClInclude>
    <ClInclude Include="timer.h">
      <Filter>Header files\API</Filter>
    </ClInclude>
    <ClInclude Include="StringAlg.h">
      <Filter>Header files\API</Filter>
    </ClInclude>
    <ClInclude Include="Message.h">
      <Filter>Header files\API</Filter>
    </ClInclude>
    <ClInclude Include="LED.h">
      <Filter>Header files\API</Filter>
    </ClInclude>
    <ClInclude Include="Cmd.h">
      <Filter>Header files\API</Filter>
    </ClInclude>
    <ClInclude Include="AngleCalc.h">
      <Filter>Header files\API</Filter>
    </ClInclude>
    <ClInclude Include="Encoder.h">
      <Filter>Header files\API</Filter>
    </ClInclude>
    <ClInclude Include="Motor.h">
      <Filter>Header files\API</Filter>
    </ClInclude>
    <ClInclude Include="Ke_TIM3.h">
      <Filter>Header files\HARDWARE</Filter>
    </ClInclude>
    <ClInclude Include="Ke_MotorControl.h">
      <Filter>Header files\HARDWARE</Filter>
    </ClInclude>
    <ClInclude Include="PID.hpp">
      <Filter>Header files</Filter>
    </ClInclude>
    <ClInclude Include="MovementControl.h">
      <Filter>Header files</Filter>
    </ClInclude>
    <ClInclude Include="MovingAverageFilter.hpp">
      <Filter>Header files</Filter>
    </ClInclude>
  </ItemGroup>
  <ItemGroup>
    <Xml Include="stm32.xml">
      <Filter>VisualGDB settings</Filter>
    </Xml>
  </ItemGroup>
</Project>